
Microsoft Visual Studio Solution File, Format Version 12.00
# Visual Studio Version 16
VisualStudioVersion = 16.0.29503.13
MinimumVisualStudioVersion = 10.0.40219.1
Project("{6EC3EE1D-3C4E-46DD-8F32-0CC8E7565705}") = "NameParser", "NameParser\NameParser.fsproj", "{FCF044E7-5ACA-41D3-A32E-84438260985F}"
EndProject
Project("{6EC3EE1D-3C4E-46DD-8F32-0CC8E7565705}") = "NameParserTest", "NameParserTest\NameParserTest.fsproj", "{B8E637B5-5BE7-4692-9D1B-49686BA538BB}"
EndProject
Project("{2150E333-8FDC-42A3-9474-1A3956D46DE8}") = "Solution Items", "Solution Items", "{D4D4E508-8FBA-4637-97E9-392335157A2D}"
	ProjectSection(SolutionItems) = preProject
		paket.dependencies = paket.dependencies
	EndProjectSection
EndProject
Project("{F2A71F9B-5D33-465A-A702-920D77279786}") = "CanopyTesting", "CanopyTesting\CanopyTesting.fsproj", "{6389D612-69D8-47B5-8A8F-B94DE0B84179}"
EndProject
Project("{F2A71F9B-5D33-465A-A702-920D77279786}") = "CanopyExample2", "CanopyExample2\CanopyExample2.fsproj", "{D7ACA5C6-1C80-4BB3-8414-90BF46C27BC4}"
EndProject
Global
	GlobalSection(SolutionConfigurationPlatforms) = preSolution
		Debug|Any CPU = Debug|Any CPU
		Release|Any CPU = Release|Any CPU
	EndGlobalSection
	GlobalSection(ProjectConfigurationPlatforms) = postSolution
		{FCF044E7-5ACA-41D3-A32E-84438260985F}.Debug|Any CPU.ActiveCfg = Debug|Any CPU
		{FCF044E7-5ACA-41D3-A32E-84438260985F}.Debug|Any CPU.Build.0 = Debug|Any CPU
		{FCF044E7-5ACA-41D3-A32E-84438260985F}.Release|Any CPU.ActiveCfg = Release|Any CPU
		{FCF044E7-5ACA-41D3-A32E-84438260985F}.Release|Any CPU.Build.0 = Release|Any CPU
		{B8E637B5-5BE7-4692-9D1B-49686BA538BB}.Debug|Any CPU.ActiveCfg = Debug|Any CPU
		{B8E637B5-5BE7-4692-9D1B-49686BA538BB}.Debug|Any CPU.Build.0 = Debug|Any CPU
		{B8E637B5-5BE7-4692-9D1B-49686BA538BB}.Release|Any CPU.ActiveCfg = Release|Any CPU
		{B8E637B5-5BE7-4692-9D1B-49686BA538BB}.Release|Any CPU.Build.0 = Release|Any CPU
		{6389D612-69D8-47B5-8A8F-B94DE0B84179}.Debug|Any CPU.ActiveCfg = Debug|Any CPU
		{6389D612-69D8-47B5-8A8F-B94DE0B84179}.Debug|Any CPU.Build.0 = Debug|Any CPU
		{6389D612-69D8-47B5-8A8F-B94DE0B84179}.Release|Any CPU.ActiveCfg = Release|Any CPU
		{6389D612-69D8-47B5-8A8F-B94DE0B84179}.Release|Any CPU.Build.0 = Release|Any CPU
		{D7ACA5C6-1C80-4BB3-8414-90BF46C27BC4}.Debug|Any CPU.ActiveCfg = Debug|Any CPU
		{D7ACA5C6-1C80-4BB3-8414-90BF46C27BC4}.Debug|Any CPU.Build.0 = Debug|Any CPU
		{D7ACA5C6-1C80-4BB3-8414-90BF46C27BC4}.Release|Any CPU.ActiveCfg = Release|Any CPU
		{D7ACA5C6-1C80-4BB3-8414-90BF46C27BC4}.Release|Any CPU.Build.0 = Release|Any CPU
	EndGlobalSection
	GlobalSection(SolutionProperties) = preSolution
		HideSolutionNode = FALSE
	EndGlobalSection
	GlobalSection(ExtensibilityGlobals) = postSolution
		SolutionGuid = {CE9E7E37-BB7A-4A09-A709-086760AAF8F3}
	EndGlobalSection
EndGlobal
